PODS:
  - AFNetworking (2.5.0):
    - AFNetworking/NSURLConnection (= 2.5.0)
    - AFNetworking/NSURLSession (= 2.5.0)
    - AFNetworking/Reachability (= 2.5.0)
    - AFNetworking/Security (= 2.5.0)
    - AFNetworking/Serialization (= 2.5.0)
    - AFNetworking/UIKit (= 2.5.0)
  - AFNetworking/NSURLConnection (2.5.0):
    - AFNetworking/Reachability
    - AFNetworking/Security
    - AFNetworking/Serialization
  - AFNetworking/NSURLSession (2.5.0):
    - AFNetworking/Reachability
    - AFNetworking/Security
    - AFNetworking/Serialization
  - AFNetworking/Reachability (2.5.0)
  - AFNetworking/Security (2.5.0)
  - AFNetworking/Serialization (2.5.0)
  - AFNetworking/UIKit (2.5.0):
    - AFNetworking/NSURLConnection
    - AFNetworking/NSURLSession
  - AsyncDisplayKit (1.1.1):
    - AsyncDisplayKit/ASDealloc2MainObject (= 1.1.1)
  - AsyncDisplayKit/ASDealloc2MainObject (1.1.1)
  - FontAwesome+iOS (0.1.4)
  - HexColors (2.2.1)
  - Mantle (1.5.4):
    - Mantle/extobjc (= 1.5.4)
  - Mantle/extobjc (1.5.4)
  - Rubber (0.1.0):
    - AFNetworking
    - AsyncDisplayKit
    - FontAwesome+iOS
    - HexColors
    - Mantle
    - SDWebImage
  - SDWebImage (3.7.1):
    - SDWebImage/Core (= 3.7.1)
  - SDWebImage/Core (3.7.1)

DEPENDENCIES:
  - Rubber (from `../Rubber.podspec`)

EXTERNAL SOURCES:
  Rubber:
    :path: ../Rubber.podspec

SPEC CHECKSUMS:
  AFNetworking: 0f54cb5d16ce38c1b76948faffb8d5fb705021c7
  AsyncDisplayKit: 897b28140c6c73fbe8d6168f19ce7cbd87c94ee8
  FontAwesome+iOS: 816c20304edef4ca92835de669577005cbaaf261
  HexColors: 01384d2bbe8dc4ffa43c3b4135db6e976952d153
  Mantle: d5fbaf30fbc58031223af13812c060e15934a1fe
  Rubber: e22a610564542e6f15a46680303304fdf5bd6e06
  SDWebImage: 116e88633b5b416ea0ca4b334a4ac59cf72dd38d

COCOAPODS: 0.36.0.beta.1
