// !$*UTF8*$!
{
	archiveVersion = 1;
	classes = {
	};
	objectVersion = 46;
	objects = {

/* Begin PBXBuildFile section */
		8BCF761D1A7E045100A2D551 /* main.m in Sources */ = {isa = PBXBuildFile; fileRef = 8BCF761C1A7E045100A2D551 /* main.m */; };
		8BCF76201A7E045100A2D551 /* AppDelegate.m in Sources */ = {isa = PBXBuildFile; fileRef = 8BCF761F1A7E045100A2D551 /* AppDelegate.m */; };
		8BCF76281A7E045100A2D551 /* Images.xcassets in Resources */ = {isa = PBXBuildFile; fileRef = 8BCF76271A7E045100A2D551 /* Images.xcassets */; };
		8BCF762B1A7E045100A2D551 /* LaunchScreen.xib in Resources */ = {isa = PBXBuildFile; fileRef = 8BCF76291A7E045100A2D551 /* LaunchScreen.xib */; };
		8BCF76371A7E045100A2D551 /* RubberTests.m in Sources */ = {isa = PBXBuildFile; fileRef = 8BCF76361A7E045100A2D551 /* RubberTests.m */; };
		8BCF76411A7E045D00A2D551 /* JavaScriptCore.framework in Frameworks */ = {isa = PBXBuildFile; fileRef = 8BCF76401A7E045D00A2D551 /* JavaScriptCore.framework */; };
		8BCF767F1A7E9BF700A2D551 /* main.js in Resources */ = {isa = PBXBuildFile; fileRef = 8BCF767E1A7E9BF700A2D551 /* main.js */; };
		8E5F01A3D20A33C53BCD9328 /* libPods-Rubber.a in Frameworks */ = {isa = PBXBuildFile; fileRef = 7622F4E8A3E38DDF796B1179 /* libPods-Rubber.a */; };
/* End PBXBuildFile section */

/* Begin PBXContainerItemProxy section */
		8BCF76311A7E045100A2D551 /* PBXContainerItemProxy */ = {
			isa = PBXContainerItemProxy;
			containerPortal = 8BCF760F1A7E045100A2D551 /* Project object */;
			proxyType = 1;
			remoteGlobalIDString = 8BCF76161A7E045100A2D551;
			remoteInfo = Rubber;
		};
/* End PBXContainerItemProxy section */

/* Begin PBXFileReference section */
		2629A79327AA26BA01727DEB /* Pods-Rubber.release.xcconfig */ = {isa = PBXFileReference; includeInIndex = 1; lastKnownFileType = text.xcconfig; name = "Pods-Rubber.release.xcconfig"; path = "Pods/Target Support Files/Pods-Rubber/Pods-Rubber.release.xcconfig"; sourceTree = "<group>"; };
		7622F4E8A3E38DDF796B1179 /* libPods-Rubber.a */ = {isa = PBXFileReference; explicitFileType = archive.ar; includeInIndex = 0; path = "libPods-Rubber.a"; sourceTree = BUILT_PRODUCTS_DIR; };
		8BCF76171A7E045100A2D551 /* Rubber.app */ = {isa = PBXFileReference; explicitFileType = wrapper.application; includeInIndex = 0; path = Rubber.app; sourceTree = BUILT_PRODUCTS_DIR; };
		8BCF761B1A7E045100A2D551 /* Info.plist */ = {isa = PBXFileReference; lastKnownFileType = text.plist.xml; path = Info.plist; sourceTree = "<group>"; };
		8BCF761C1A7E045100A2D551 /* main.m */ = {isa = PBXFileReference; lastKnownFileType = sourcecode.c.objc; path = main.m; sourceTree = "<group>"; };
		8BCF761E1A7E045100A2D551 /* AppDelegate.h */ = {isa = PBXFileReference; lastKnownFileType = sourcecode.c.h; path = AppDelegate.h; sourceTree = "<group>"; };
		8BCF761F1A7E045100A2D551 /* AppDelegate.m */ = {isa = PBXFileReference; lastKnownFileType = sourcecode.c.objc; path = AppDelegate.m; sourceTree = "<group>"; };
		8BCF76271A7E045100A2D551 /* Images.xcassets */ = {isa = PBXFileReference; lastKnownFileType = folder.assetcatalog; path = Images.xcassets; sourceTree = "<group>"; };
		8BCF762A1A7E045100A2D551 /* Base */ = {isa = PBXFileReference; lastKnownFileType = file.xib; name = Base; path = Base.lproj/LaunchScreen.xib; sourceTree = "<group>"; };
		8BCF76301A7E045100A2D551 /* RubberTests.xctest */ = {isa = PBXFileReference; explicitFileType = wrapper.cfbundle; includeInIndex = 0; path = RubberTests.xctest; sourceTree = BUILT_PRODUCTS_DIR; };
		8BCF76351A7E045100A2D551 /* Info.plist */ = {isa = PBXFileReference; lastKnownFileType = text.plist.xml; path = Info.plist; sourceTree = "<group>"; };
		8BCF76361A7E045100A2D551 /* RubberTests.m */ = {isa = PBXFileReference; lastKnownFileType = sourcecode.c.objc; path = RubberTests.m; sourceTree = "<group>"; };
		8BCF76401A7E045D00A2D551 /* JavaScriptCore.framework */ = {isa = PBXFileReference; lastKnownFileType = wrapper.framework; name = JavaScriptCore.framework; path = System/Library/Frameworks/JavaScriptCore.framework; sourceTree = SDKROOT; };
		8BCF767E1A7E9BF700A2D551 /* main.js */ = {isa = PBXFileReference; fileEncoding = 4; lastKnownFileType = sourcecode.javascript; path = main.js; sourceTree = "<group>"; };
		E14D5C7CFD0A7CF8611AE2C4 /* Pods-Rubber.debug.xcconfig */ = {isa = PBXFileReference; includeInIndex = 1; lastKnownFileType = text.xcconfig; name = "Pods-Rubber.debug.xcconfig"; path = "Pods/Target Support Files/Pods-Rubber/Pods-Rubber.debug.xcconfig"; sourceTree = "<group>"; };
/* End PBXFileReference section */

/* Begin PBXFrameworksBuildPhase section */
		8BCF76141A7E045100A2D551 /* Frameworks */ = {
			isa = PBXFrameworksBuildPhase;
			buildActionMask = 2147483647;
			files = (
				8BCF76411A7E045D00A2D551 /* JavaScriptCore.framework in Frameworks */,
				8E5F01A3D20A33C53BCD9328 /* libPods-Rubber.a in Frameworks */,
			);
			runOnlyForDeploymentPostprocessing = 0;
		};
		8BCF762D1A7E045100A2D551 /* Frameworks */ = {
			isa = PBXFrameworksBuildPhase;
			buildActionMask = 2147483647;
			files = (
			);
			runOnlyForDeploymentPostprocessing = 0;
		};
/* End PBXFrameworksBuildPhase section */

/* Begin PBXGroup section */
		8BCF760E1A7E045100A2D551 = {
			isa = PBXGroup;
			children = (
				8BCF76191A7E045100A2D551 /* Rubber */,
				8BCF76331A7E045100A2D551 /* RubberTests */,
				8BCF76181A7E045100A2D551 /* Products */,
				D8C0C80B326B39B02D3A320B /* Pods */,
				DCEB1F386B39DA3D8CE91D97 /* Frameworks */,
			);
			sourceTree = "<group>";
		};
		8BCF76181A7E045100A2D551 /* Products */ = {
			isa = PBXGroup;
			children = (
				8BCF76171A7E045100A2D551 /* Rubber.app */,
				8BCF76301A7E045100A2D551 /* RubberTests.xctest */,
			);
			name = Products;
			sourceTree = "<group>";
		};
		8BCF76191A7E045100A2D551 /* Rubber */ = {
			isa = PBXGroup;
			children = (
				8BCF76421A7E070800A2D551 /* JS */,
				8BCF761E1A7E045100A2D551 /* AppDelegate.h */,
				8BCF761F1A7E045100A2D551 /* AppDelegate.m */,
				8BCF76271A7E045100A2D551 /* Images.xcassets */,
				8BCF76291A7E045100A2D551 /* LaunchScreen.xib */,
				8BCF761A1A7E045100A2D551 /* Supporting Files */,
			);
			path = Rubber;
			sourceTree = "<group>";
		};
		8BCF761A1A7E045100A2D551 /* Supporting Files */ = {
			isa = PBXGroup;
			children = (
				8BCF761B1A7E045100A2D551 /* Info.plist */,
				8BCF761C1A7E045100A2D551 /* main.m */,
			);
			name = "Supporting Files";
			sourceTree = "<group>";
		};
		8BCF76331A7E045100A2D551 /* RubberTests */ = {
			isa = PBXGroup;
			children = (
				8BCF76361A7E045100A2D551 /* RubberTests.m */,
				8BCF76341A7E045100A2D551 /* Supporting Files */,
			);
			path = RubberTests;
			sourceTree = "<group>";
		};
		8BCF76341A7E045100A2D551 /* Supporting Files */ = {
			isa = PBXGroup;
			children = (
				8BCF76351A7E045100A2D551 /* Info.plist */,
			);
			name = "Supporting Files";
			sourceTree = "<group>";
		};
		8BCF76421A7E070800A2D551 /* JS */ = {
			isa = PBXGroup;
			children = (
				8BCF767E1A7E9BF700A2D551 /* main.js */,
			);
			path = JS;
			sourceTree = "<group>";
		};
		D8C0C80B326B39B02D3A320B /* Pods */ = {
			isa = PBXGroup;
			children = (
				E14D5C7CFD0A7CF8611AE2C4 /* Pods-Rubber.debug.xcconfig */,
				2629A79327AA26BA01727DEB /* Pods-Rubber.release.xcconfig */,
			);
			name = Pods;
			sourceTree = "<group>";
		};
		DCEB1F386B39DA3D8CE91D97 /* Frameworks */ = {
			isa = PBXGroup;
			children = (
				8BCF76401A7E045D00A2D551 /* JavaScriptCore.framework */,
				7622F4E8A3E38DDF796B1179 /* libPods-Rubber.a */,
			);
			name = Frameworks;
			sourceTree = "<group>";
		};
/* End PBXGroup section */

/* Begin PBXNativeTarget section */
		8BCF76161A7E045100A2D551 /* Rubber */ = {
			isa = PBXNativeTarget;
			buildConfigurationList = 8BCF763A1A7E045100A2D551 /* Build configuration list for PBXNativeTarget "Rubber" */;
			buildPhases = (
				9A672439EF1193C0FEC7ABA6 /* Check Pods Manifest.lock */,
				8BCF767D1A7E987800A2D551 /* Create Browserify Bundle */,
				8BCF76131A7E045100A2D551 /* Sources */,
				8BCF76141A7E045100A2D551 /* Frameworks */,
				8BCF76151A7E045100A2D551 /* Resources */,
				A8D5C753EF327B806E8A514A /* Copy Pods Resources */,
			);
			buildRules = (
			);
			dependencies = (
			);
			name = Rubber;
			productName = Rubber;
			productReference = 8BCF76171A7E045100A2D551 /* Rubber.app */;
			productType = "com.apple.product-type.application";
		};
		8BCF762F1A7E045100A2D551 /* RubberTests */ = {
			isa = PBXNativeTarget;
			buildConfigurationList = 8BCF763D1A7E045100A2D551 /* Build configuration list for PBXNativeTarget "RubberTests" */;
			buildPhases = (
				8BCF762C1A7E045100A2D551 /* Sources */,
				8BCF762D1A7E045100A2D551 /* Frameworks */,
				8BCF762E1A7E045100A2D551 /* Resources */,
			);
			buildRules = (
			);
			dependencies = (
				8BCF76321A7E045100A2D551 /* PBXTargetDependency */,
			);
			name = RubberTests;
			productName = RubberTests;
			productReference = 8BCF76301A7E045100A2D551 /* RubberTests.xctest */;
			productType = "com.apple.product-type.bundle.unit-test";
		};
/* End PBXNativeTarget section */

/* Begin PBXProject section */
		8BCF760F1A7E045100A2D551 /* Project object */ = {
			isa = PBXProject;
			attributes = {
				LastUpgradeCheck = 0610;
				ORGANIZATIONNAME = Param;
				TargetAttributes = {
					8BCF76161A7E045100A2D551 = {
						CreatedOnToolsVersion = 6.1.1;
					};
					8BCF762F1A7E045100A2D551 = {
						CreatedOnToolsVersion = 6.1.1;
						TestTargetID = 8BCF76161A7E045100A2D551;
					};
				};
			};
			buildConfigurationList = 8BCF76121A7E045100A2D551 /* Build configuration list for PBXProject "Rubber" */;
			compatibilityVersion = "Xcode 3.2";
			developmentRegion = English;
			hasScannedForEncodings = 0;
			knownRegions = (
				en,
				Base,
			);
			mainGroup = 8BCF760E1A7E045100A2D551;
			productRefGroup = 8BCF76181A7E045100A2D551 /* Products */;
			projectDirPath = "";
			projectRoot = "";
			targets = (
				8BCF76161A7E045100A2D551 /* Rubber */,
				8BCF762F1A7E045100A2D551 /* RubberTests */,
			);
		};
/* End PBXProject section */

/* Begin PBXResourcesBuildPhase section */
		8BCF76151A7E045100A2D551 /* Resources */ = {
			isa = PBXResourcesBuildPhase;
			buildActionMask = 2147483647;
			files = (
				8BCF767F1A7E9BF700A2D551 /* main.js in Resources */,
				8BCF762B1A7E045100A2D551 /* LaunchScreen.xib in Resources */,
				8BCF76281A7E045100A2D551 /* Images.xcassets in Resources */,
			);
			runOnlyForDeploymentPostprocessing = 0;
		};
		8BCF762E1A7E045100A2D551 /* Resources */ = {
			isa = PBXResourcesBuildPhase;
			buildActionMask = 2147483647;
			files = (
			);
			runOnlyForDeploymentPostprocessing = 0;
		};
/* End PBXResourcesBuildPhase section */

/* Begin PBXShellScriptBuildPhase section */
		8BCF767D1A7E987800A2D551 /* Create Browserify Bundle */ = {
			isa = PBXShellScriptBuildPhase;
			buildActionMask = 2147483647;
			files = (
			);
			inputPaths = (
				"",
			);
			name = "Create Browserify Bundle";
			outputPaths = (
			);
			runOnlyForDeploymentPostprocessing = 0;
			shellPath = /bin/sh;
			shellScript = "PATH=${PATH}:/usr/local/bin\ncd Rubber/JS && make bundle";
		};
		9A672439EF1193C0FEC7ABA6 /* Check Pods Manifest.lock */ = {
			isa = PBXShellScriptBuildPhase;
			buildActionMask = 2147483647;
			files = (
			);
			inputPaths = (
			);
			name = "Check Pods Manifest.lock";
			outputPaths = (
			);
			runOnlyForDeploymentPostprocessing = 0;
			shellPath = /bin/sh;
			shellScript = "diff \"${PODS_ROOT}/../Podfile.lock\" \"${PODS_ROOT}/Manifest.lock\" > /dev/null\nif [[ $? != 0 ]] ; then\n    cat << EOM\nerror: The sandbox is not in sync with the Podfile.lock. Run 'pod install' or update your CocoaPods installation.\nEOM\n    exit 1\nfi\n";
			showEnvVarsInLog = 0;
		};
		A8D5C753EF327B806E8A514A /* Copy Pods Resources */ = {
			isa = PBXShellScriptBuildPhase;
			buildActionMask = 2147483647;
			files = (
			);
			inputPaths = (
			);
			name = "Copy Pods Resources";
			outputPaths = (
			);
			runOnlyForDeploymentPostprocessing = 0;
			shellPath = /bin/sh;
			shellScript = "\"${SRCROOT}/Pods/Target Support Files/Pods-Rubber/Pods-Rubber-resources.sh\"\n";
			showEnvVarsInLog = 0;
		};
/* End PBXShellScriptBuildPhase section */

/* Begin PBXSourcesBuildPhase section */
		8BCF76131A7E045100A2D551 /* Sources */ = {
			isa = PBXSourcesBuildPhase;
			buildActionMask = 2147483647;
			files = (
				8BCF76201A7E045100A2D551 /* AppDelegate.m in Sources */,
				8BCF761D1A7E045100A2D551 /* main.m in Sources */,
			);
			runOnlyForDeploymentPostprocessing = 0;
		};
		8BCF762C1A7E045100A2D551 /* Sources */ = {
			isa = PBXSourcesBuildPhase;
			buildActionMask = 2147483647;
			files = (
				8BCF76371A7E045100A2D551 /* RubberTests.m in Sources */,
			);
			runOnlyForDeploymentPostprocessing = 0;
		};
/* End PBXSourcesBuildPhase section */

/* Begin PBXTargetDependency section */
		8BCF76321A7E045100A2D551 /* PBXTargetDependency */ = {
			isa = PBXTargetDependency;
			target = 8BCF76161A7E045100A2D551 /* Rubber */;
			targetProxy = 8BCF76311A7E045100A2D551 /* PBXContainerItemProxy */;
		};
/* End PBXTargetDependency section */

/* Begin PBXVariantGroup section */
		8BCF76291A7E045100A2D551 /* LaunchScreen.xib */ = {
			isa = PBXVariantGroup;
			children = (
				8BCF762A1A7E045100A2D551 /* Base */,
			);
			name = LaunchScreen.xib;
			sourceTree = "<group>";
		};
/* End PBXVariantGroup section */

/* Begin XCBuildConfiguration section */
		8BCF76381A7E045100A2D551 /* Debug */ = {
			isa = XCBuildConfiguration;
			buildSettings = {
				ALWAYS_SEARCH_USER_PATHS = NO;
				CLANG_CXX_LANGUAGE_STANDARD = "gnu++0x";
				CLANG_CXX_LIBRARY = "libc++";
				CLANG_ENABLE_MODULES = YES;
				CLANG_ENABLE_OBJC_ARC = YES;
				CLANG_WARN_BOOL_CONVERSION = YES;
				CLANG_WARN_CONSTANT_CONVERSION = YES;
				CLANG_WARN_DIRECT_OBJC_ISA_USAGE = YES_ERROR;
				CLANG_WARN_EMPTY_BODY = YES;
				CLANG_WARN_ENUM_CONVERSION = YES;
				CLANG_WARN_INT_CONVERSION = YES;
				CLANG_WARN_OBJC_ROOT_CLASS = YES_ERROR;
				CLANG_WARN_UNREACHABLE_CODE = YES;
				CLANG_WARN__DUPLICATE_METHOD_MATCH = YES;
				"CODE_SIGN_IDENTITY[sdk=iphoneos*]" = "iPhone Developer";
				COPY_PHASE_STRIP = NO;
				ENABLE_STRICT_OBJC_MSGSEND = YES;
				GCC_C_LANGUAGE_STANDARD = gnu99;
				GCC_DYNAMIC_NO_PIC = NO;
				GCC_OPTIMIZATION_LEVEL = 0;
				GCC_PREPROCESSOR_DEFINITIONS = (
					"DEBUG=1",
					"$(inherited)",
				);
				GCC_SYMBOLS_PRIVATE_EXTERN = NO;
				GCC_WARN_64_TO_32_BIT_CONVERSION = YES;
				GCC_WARN_ABOUT_RETURN_TYPE = YES_ERROR;
				GCC_WARN_UNDECLARED_SELECTOR = YES;
				GCC_WARN_UNINITIALIZED_AUTOS = YES_AGGRESSIVE;
				GCC_WARN_UNUSED_FUNCTION = YES;
				GCC_WARN_UNUSED_VARIABLE = YES;
				IPHONEOS_DEPLOYMENT_TARGET = 8.1;
				MTL_ENABLE_DEBUG_INFO = YES;
				ONLY_ACTIVE_ARCH = YES;
				SDKROOT = iphoneos;
				TARGETED_DEVICE_FAMILY = "1,2";
			};
			name = Debug;
		};
		8BCF76391A7E045100A2D551 /* Release */ = {
			isa = XCBuildConfiguration;
			buildSettings = {
				ALWAYS_SEARCH_USER_PATHS = NO;
				CLANG_CXX_LANGUAGE_STANDARD = "gnu++0x";
				CLANG_CXX_LIBRARY = "libc++";
				CLANG_ENABLE_MODULES = YES;
				CLANG_ENABLE_OBJC_ARC = YES;
				CLANG_WARN_BOOL_CONVERSION = YES;
				CLANG_WARN_CONSTANT_CONVERSION = YES;
				CLANG_WARN_DIRECT_OBJC_ISA_USAGE = YES_ERROR;
				CLANG_WARN_EMPTY_BODY = YES;
				CLANG_WARN_ENUM_CONVERSION = YES;
				CLANG_WARN_INT_CONVERSION = YES;
				CLANG_WARN_OBJC_ROOT_CLASS = YES_ERROR;
				CLANG_WARN_UNREACHABLE_CODE = YES;
				CLANG_WARN__DUPLICATE_METHOD_MATCH = YES;
				"CODE_SIGN_IDENTITY[sdk=iphoneos*]" = "iPhone Developer";
				COPY_PHASE_STRIP = YES;
				ENABLE_NS_ASSERTIONS = NO;
				ENABLE_STRICT_OBJC_MSGSEND = YES;
				GCC_C_LANGUAGE_STANDARD = gnu99;
				GCC_WARN_64_TO_32_BIT_CONVERSION = YES;
				GCC_WARN_ABOUT_RETURN_TYPE = YES_ERROR;
				GCC_WARN_UNDECLARED_SELECTOR = YES;
				GCC_WARN_UNINITIALIZED_AUTOS = YES_AGGRESSIVE;
				GCC_WARN_UNUSED_FUNCTION = YES;
				GCC_WARN_UNUSED_VARIABLE = YES;
				IPHONEOS_DEPLOYMENT_TARGET = 8.1;
				MTL_ENABLE_DEBUG_INFO = NO;
				SDKROOT = iphoneos;
				TARGETED_DEVICE_FAMILY = "1,2";
				VALIDATE_PRODUCT = YES;
			};
			name = Release;
		};
		8BCF763B1A7E045100A2D551 /* Debug */ = {
			isa = XCBuildConfiguration;
			baseConfigurationReference = E14D5C7CFD0A7CF8611AE2C4 /* Pods-Rubber.debug.xcconfig */;
			buildSettings = {
				ASSETCATALOG_COMPILER_APPICON_NAME = AppIcon;
				INFOPLIST_FILE = Rubber/Info.plist;
				IPHONEOS_DEPLOYMENT_TARGET = 7.0;
				LD_RUNPATH_SEARCH_PATHS = "$(inherited) @executable_path/Frameworks";
				PRODUCT_NAME = "$(TARGET_NAME)";
			};
			name = Debug;
		};
		8BCF763C1A7E045100A2D551 /* Release */ = {
			isa = XCBuildConfiguration;
			baseConfigurationReference = 2629A79327AA26BA01727DEB /* Pods-Rubber.release.xcconfig */;
			buildSettings = {
				ASSETCATALOG_COMPILER_APPICON_NAME = AppIcon;
				INFOPLIST_FILE = Rubber/Info.plist;
				IPHONEOS_DEPLOYMENT_TARGET = 7.0;
				LD_RUNPATH_SEARCH_PATHS = "$(inherited) @executable_path/Frameworks";
				PRODUCT_NAME = "$(TARGET_NAME)";
			};
			name = Release;
		};
		8BCF763E1A7E045100A2D551 /* Debug */ = {
			isa = XCBuildConfiguration;
			buildSettings = {
				BUNDLE_LOADER = "$(TEST_HOST)";
				FRAMEWORK_SEARCH_PATHS = (
					"$(SDKROOT)/Developer/Library/Frameworks",
					"$(inherited)",
				);
				GCC_PREPROCESSOR_DEFINITIONS = (
					"DEBUG=1",
					"$(inherited)",
				);
				INFOPLIST_FILE = RubberTests/Info.plist;
				LD_RUNPATH_SEARCH_PATHS = "$(inherited) @executable_path/Frameworks @loader_path/Frameworks";
				PRODUCT_NAME = "$(TARGET_NAME)";
				TEST_HOST = "$(BUILT_PRODUCTS_DIR)/Rubber.app/Rubber";
			};
			name = Debug;
		};
		8BCF763F1A7E045100A2D551 /* Release */ = {
			isa = XCBuildConfiguration;
			buildSettings = {
				BUNDLE_LOADER = "$(TEST_HOST)";
				FRAMEWORK_SEARCH_PATHS = (
					"$(SDKROOT)/Developer/Library/Frameworks",
					"$(inherited)",
				);
				INFOPLIST_FILE = RubberTests/Info.plist;
				LD_RUNPATH_SEARCH_PATHS = "$(inherited) @executable_path/Frameworks @loader_path/Frameworks";
				PRODUCT_NAME = "$(TARGET_NAME)";
				TEST_HOST = "$(BUILT_PRODUCTS_DIR)/Rubber.app/Rubber";
			};
			name = Release;
		};
/* End XCBuildConfiguration section */

/* Begin XCConfigurationList section */
		8BCF76121A7E045100A2D551 /* Build configuration list for PBXProject "Rubber" */ = {
			isa = XCConfigurationList;
			buildConfigurations = (
				8BCF76381A7E045100A2D551 /* Debug */,
				8BCF76391A7E045100A2D551 /* Release */,
			);
			defaultConfigurationIsVisible = 0;
			defaultConfigurationName = Release;
		};
		8BCF763A1A7E045100A2D551 /* Build configuration list for PBXNativeTarget "Rubber" */ = {
			isa = XCConfigurationList;
			buildConfigurations = (
				8BCF763B1A7E045100A2D551 /* Debug */,
				8BCF763C1A7E045100A2D551 /* Release */,
			);
			defaultConfigurationIsVisible = 0;
			defaultConfigurationName = Release;
		};
		8BCF763D1A7E045100A2D551 /* Build configuration list for PBXNativeTarget "RubberTests" */ = {
			isa = XCConfigurationList;
			buildConfigurations = (
				8BCF763E1A7E045100A2D551 /* Debug */,
				8BCF763F1A7E045100A2D551 /* Release */,
			);
			defaultConfigurationIsVisible = 0;
			defaultConfigurationName = Release;
		};
/* End XCConfigurationList section */
	};
	rootObject = 8BCF760F1A7E045100A2D551 /* Project object */;
}
